
Microsoft Visual Studio Solution File, Format Version 12.00
# Visual Studio Version 17
VisualStudioVersion = 17.0.31903.59
MinimumVisualStudioVersion = 10.0.40219.1
Project("{F2A71F9B-5D33-465A-A702-920D77279786}") = "Needle", "Needle\Needle.fsproj", "{4785D69A-ED47-4082-B507-6E5AC3ECA905}"
EndProject
Project("{F2A71F9B-5D33-465A-A702-920D77279786}") = "Needle.Tests", "Needle.Tests\Needle.Tests.fsproj", "{E1EA0155-879C-480C-85A1-BD7A3FD81ECE}"
EndProject
Global
	GlobalSection(SolutionConfigurationPlatforms) = preSolution
		Debug|Any CPU = Debug|Any CPU
		Release|Any CPU = Release|Any CPU
	EndGlobalSection
	GlobalSection(SolutionProperties) = preSolution
		HideSolutionNode = FALSE
	EndGlobalSection
	GlobalSection(ProjectConfigurationPlatforms) = postSolution
		{4785D69A-ED47-4082-B507-6E5AC3ECA905}.Debug|Any CPU.ActiveCfg = Debug|Any CPU
		{4785D69A-ED47-4082-B507-6E5AC3ECA905}.Debug|Any CPU.Build.0 = Debug|Any CPU
		{4785D69A-ED47-4082-B507-6E5AC3ECA905}.Release|Any CPU.ActiveCfg = Release|Any CPU
		{4785D69A-ED47-4082-B507-6E5AC3ECA905}.Release|Any CPU.Build.0 = Release|Any CPU
		{E1EA0155-879C-480C-85A1-BD7A3FD81ECE}.Debug|Any CPU.ActiveCfg = Debug|Any CPU
		{E1EA0155-879C-480C-85A1-BD7A3FD81ECE}.Debug|Any CPU.Build.0 = Debug|Any CPU
		{E1EA0155-879C-480C-85A1-BD7A3FD81ECE}.Release|Any CPU.ActiveCfg = Release|Any CPU
		{E1EA0155-879C-480C-85A1-BD7A3FD81ECE}.Release|Any CPU.Build.0 = Release|Any CPU
	EndGlobalSection
EndGlobal
